
Microsoft Visual Studio Solution File, Format Version 12.00
# Visual Studio Version 16
VisualStudioVersion = 16.0.31129.286
MinimumVisualStudioVersion = 10.0.40219.1
Project("{FAE04EC0-301F-11D3-BF4B-00C04F79EFBC}") = "01_RestWithASPNETUdemy", "01_RestWithASPNETUdemy\01_RestWithASPNETUdemy.csproj", "{D7CDA9D0-FA99-49A1-B45A-BB0116B4A916}"
EndProject
Global
	GlobalSection(SolutionConfigurationPlatforms) = preSolution
		Debug|Any CPU = Debug|Any CPU
		Release|Any CPU = Release|Any CPU
	EndGlobalSection
	GlobalSection(ProjectConfigurationPlatforms) = postSolution
		{D7CDA9D0-FA99-49A1-B45A-BB0116B4A916}.Debug|Any CPU.ActiveCfg = Debug|Any CPU
		{D7CDA9D0-FA99-49A1-B45A-BB0116B4A916}.Debug|Any CPU.Build.0 = Debug|Any CPU
		{D7CDA9D0-FA99-49A1-B45A-BB0116B4A916}.Release|Any CPU.ActiveCfg = Release|Any CPU
		{D7CDA9D0-FA99-49A1-B45A-BB0116B4A916}.Release|Any CPU.Build.0 = Release|Any CPU
	EndGlobalSection
	GlobalSection(SolutionProperties) = preSolution
		HideSolutionNode = FALSE
	EndGlobalSection
	GlobalSection(ExtensibilityGlobals) = postSolution
		SolutionGuid = {03D7B26D-BC71-43CF-B3EC-C11963484509}
	EndGlobalSection
EndGlobal
